# This file is automatically @generated by Cargo.
# It is not intended for manual editing.
version = 4

[[package]]
name = "flipscope-cli"
version = "0.1.0"

[[package]]
name = "flipscope-dsp"
version = "0.1.0"

[[package]]
name = "flipscope-format"
version = "0.1.0"

[[package]]
name = "flipscope-link"
version = "0.1.0"

[[package]]
name = "flipscope-proto"
version = "0.1.0"

[[package]]
name = "flipscope-tui"
version = "0.1.0"
